// !$*UTF8*$!
{
	archiveVersion = 1;
	classes = {
	};
	objectVersion = 56;
	objects = {

/* Begin PBXBuildFile section */
		C3A14DD7299046E6009D9B7E /* SwiftyApp.swift in Sources */ = {isa = PBXBuildFile; fileRef = C3A14DD6299046E6009D9B7E /* SwiftyApp.swift */; };
		C3A14DD9299046E6009D9B7E /* ContentView.swift in Sources */ = {isa = PBXBuildFile; fileRef = C3A14DD8299046E6009D9B7E /* ContentView.swift */; };
		C3A14DDB299046E7009D9B7E /* Assets.xcassets in Resources */ = {isa = PBXBuildFile; fileRef = C3A14DDA299046E7009D9B7E /* Assets.xcassets */; };
		C3A14DDE299046E7009D9B7E /* Preview Assets.xcassets in Resources */ = {isa = PBXBuildFile; fileRef = C3A14DDD299046E7009D9B7E /* Preview Assets.xcassets */; };
		C3A14DE8299046E7009D9B7E /* SwiftyTests.swift in Sources */ = {isa = PBXBuildFile; fileRef = C3A14DE7299046E7009D9B7E /* SwiftyTests.swift */; };
		C3A14DF2299046E7009D9B7E /* SwiftyUITests.swift in Sources */ = {isa = PBXBuildFile; fileRef = C3A14DF1299046E7009D9B7E /* SwiftyUITests.swift */; };
		C3A14DF4299046E7009D9B7E /* SwiftyUITestsLaunchTests.swift in Sources */ = {isa = PBXBuildFile; fileRef = C3A14DF3299046E7009D9B7E /* SwiftyUITestsLaunchTests.swift */; };
/* End PBXBuildFile section */

/* Begin PBXContainerItemProxy section */
		C3A14DE4299046E7009D9B7E /* PBXContainerItemProxy */ = {
			isa = PBXContainerItemProxy;
			containerPortal = C3A14DCB299046E6009D9B7E /* Project object */;
			proxyType = 1;
			remoteGlobalIDString = C3A14DD2299046E6009D9B7E;
			remoteInfo = Swifty;
		};
		C3A14DEE299046E7009D9B7E /* PBXContainerItemProxy */ = {
			isa = PBXContainerItemProxy;
			containerPortal = C3A14DCB299046E6009D9B7E /* Project object */;
			proxyType = 1;
			remoteGlobalIDString = C3A14DD2299046E6009D9B7E;
			remoteInfo = Swifty;
		};
/* End PBXContainerItemProxy section */

/* Begin PBXFileReference section */
		C3A14DD3299046E6009D9B7E /* Swifty.app */ = {isa = PBXFileReference; explicitFileType = wrapper.application; includeInIndex = 0; path = Swifty.app; sourceTree = BUILT_PRODUCTS_DIR; };
		C3A14DD6299046E6009D9B7E /* SwiftyApp.swift */ = {isa = PBXFileReference; lastKnownFileType = sourcecode.swift; path = SwiftyApp.swift; sourceTree = "<group>"; };
		C3A14DD8299046E6009D9B7E /* ContentView.swift */ = {isa = PBXFileReference; lastKnownFileType = sourcecode.swift; path = ContentView.swift; sourceTree = "<group>"; };
		C3A14DDA299046E7009D9B7E /* Assets.xcassets */ = {isa = PBXFileReference; lastKnownFileType = folder.assetcatalog; path = Assets.xcassets; sourceTree = "<group>"; };
		C3A14DDD299046E7009D9B7E /* Preview Assets.xcassets */ = {isa = PBXFileReference; lastKnownFileType = folder.assetcatalog; path = "Preview Assets.xcassets"; sourceTree = "<group>"; };
		C3A14DE3299046E7009D9B7E /* SwiftyTests.xctest */ = {isa = PBXFileReference; explicitFileType = wrapper.cfbundle; includeInIndex = 0; path = SwiftyTests.xctest; sourceTree = BUILT_PRODUCTS_DIR; };
		C3A14DE7299046E7009D9B7E /* SwiftyTests.swift */ = {isa = PBXFileReference; lastKnownFileType = sourcecode.swift; path = SwiftyTests.swift; sourceTree = "<group>"; };
		C3A14DED299046E7009D9B7E /* SwiftyUITests.xctest */ = {isa = PBXFileReference; explicitFileType = wrapper.cfbundle; includeInIndex = 0; path = SwiftyUITests.xctest; sourceTree = BUILT_PRODUCTS_DIR; };
		C3A14DF1299046E7009D9B7E /* SwiftyUITests.swift */ = {isa = PBXFileReference; lastKnownFileType = sourcecode.swift; path = SwiftyUITests.swift; sourceTree = "<group>"; };
		C3A14DF3299046E7009D9B7E /* SwiftyUITestsLaunchTests.swift */ = {isa = PBXFileReference; lastKnownFileType = sourcecode.swift; path = SwiftyUITestsLaunchTests.swift; sourceTree = "<group>"; };
/* End PBXFileReference section */

/* Begin PBXFrameworksBuildPhase section */
		C3A14DD0299046E6009D9B7E /* Frameworks */ = {
			isa = PBXFrameworksBuildPhase;
			buildActionMask = 2147483647;
			files = (
			);
			runOnlyForDeploymentPostprocessing = 0;
		};
		C3A14DE0299046E7009D9B7E /* Frameworks */ = {
			isa = PBXFrameworksBuildPhase;
			buildActionMask = 2147483647;
			files = (
			);
			runOnlyForDeploymentPostprocessing = 0;
		};
		C3A14DEA299046E7009D9B7E /* Frameworks */ = {
			isa = PBXFrameworksBuildPhase;
			buildActionMask = 2147483647;
			files = (
			);
			runOnlyForDeploymentPostprocessing = 0;
		};
/* End PBXFrameworksBuildPhase section */

/* Begin PBXGroup section */
		C3A14DCA299046E6009D9B7E = {
			isa = PBXGroup;
			children = (
				C3A14DD5299046E6009D9B7E /* Swifty */,
				C3A14DE6299046E7009D9B7E /* SwiftyTests */,
				C3A14DF0299046E7009D9B7E /* SwiftyUITests */,
				C3A14DD4299046E6009D9B7E /* Products */,
			);
			sourceTree = "<group>";
		};
		C3A14DD4299046E6009D9B7E /* Products */ = {
			isa = PBXGroup;
			children = (
				C3A14DD3299046E6009D9B7E /* Swifty.app */,
				C3A14DE3299046E7009D9B7E /* SwiftyTests.xctest */,
				C3A14DED299046E7009D9B7E /* SwiftyUITests.xctest */,
			);
			name = Products;
			sourceTree = "<group>";
		};
		C3A14DD5299046E6009D9B7E /* Swifty */ = {
			isa = PBXGroup;
			children = (
				C3A14DD6299046E6009D9B7E /* SwiftyApp.swift */,
				C3A14DD8299046E6009D9B7E /* ContentView.swift */,
				C3A14DDA299046E7009D9B7E /* Assets.xcassets */,
				C3A14DDC299046E7009D9B7E /* Preview Content */,
			);
			path = Swifty;
			sourceTree = "<group>";
		};
		C3A14DDC299046E7009D9B7E /* Preview Content */ = {
			isa = PBXGroup;
			children = (
				C3A14DDD299046E7009D9B7E /* Preview Assets.xcassets */,
			);
			path = "Preview Content";
			sourceTree = "<group>";
		};
		C3A14DE6299046E7009D9B7E /* SwiftyTests */ = {
			isa = PBXGroup;
			children = (
				C3A14DE7299046E7009D9B7E /* SwiftyTests.swift */,
			);
			path = SwiftyTests;
			sourceTree = "<group>";
		};
		C3A14DF0299046E7009D9B7E /* SwiftyUITests */ = {
			isa = PBXGroup;
			children = (
				C3A14DF1299046E7009D9B7E /* SwiftyUITests.swift */,
				C3A14DF3299046E7009D9B7E /* SwiftyUITestsLaunchTests.swift */,
			);
			path = SwiftyUITests;
			sourceTree = "<group>";
		};
/* End PBXGroup section */

/* Begin PBXNativeTarget section */
		C3A14DD2299046E6009D9B7E /* Swifty */ = {
			isa = PBXNativeTarget;
			buildConfigurationList = C3A14DF7299046E7009D9B7E /* Build configuration list for PBXNativeTarget "Swifty" */;
			buildPhases = (
				C3A14DCF299046E6009D9B7E /* Sources */,
				C3A14DD0299046E6009D9B7E /* Frameworks */,
				C3A14DD1299046E6009D9B7E /* Resources */,
			);
			buildRules = (
			);
			dependencies = (
			);
			name = Swifty;
			productName = Swifty;
			productReference = C3A14DD3299046E6009D9B7E /* Swifty.app */;
			productType = "com.apple.product-type.application";
		};
		C3A14DE2299046E7009D9B7E /* SwiftyTests */ = {
			isa = PBXNativeTarget;
			buildConfigurationList = C3A14DFA299046E7009D9B7E /* Build configuration list for PBXNativeTarget "SwiftyTests" */;
			buildPhases = (
				C3A14DDF299046E7009D9B7E /* Sources */,
				C3A14DE0299046E7009D9B7E /* Frameworks */,
				C3A14DE1299046E7009D9B7E /* Resources */,
			);
			buildRules = (
			);
			dependencies = (
				C3A14DE5299046E7009D9B7E /* PBXTargetDependency */,
			);
			name = SwiftyTests;
			productName = SwiftyTests;
			productReference = C3A14DE3299046E7009D9B7E /* SwiftyTests.xctest */;
			productType = "com.apple.product-type.bundle.unit-test";
		};
		C3A14DEC299046E7009D9B7E /* SwiftyUITests */ = {
			isa = PBXNativeTarget;
			buildConfigurationList = C3A14DFD299046E7009D9B7E /* Build configuration list for PBXNativeTarget "SwiftyUITests" */;
			buildPhases = (
				C3A14DE9299046E7009D9B7E /* Sources */,
				C3A14DEA299046E7009D9B7E /* Frameworks */,
				C3A14DEB299046E7009D9B7E /* Resources */,
			);
			buildRules = (
			);
			dependencies = (
				C3A14DEF299046E7009D9B7E /* PBXTargetDependency */,
			);
			name = SwiftyUITests;
			productName = SwiftyUITests;
			productReference = C3A14DED299046E7009D9B7E /* SwiftyUITests.xctest */;
			productType = "com.apple.product-type.bundle.ui-testing";
		};
/* End PBXNativeTarget section */

/* Begin PBXProject section */
		C3A14DCB299046E6009D9B7E /* Project object */ = {
			isa = PBXProject;
			attributes = {
				BuildIndependentTargetsInParallel = 1;
				LastSwiftUpdateCheck = 1420;
				LastUpgradeCheck = 1420;
				TargetAttributes = {
					C3A14DD2299046E6009D9B7E = {
						CreatedOnToolsVersion = 14.2;
					};
					C3A14DE2299046E7009D9B7E = {
						CreatedOnToolsVersion = 14.2;
						TestTargetID = C3A14DD2299046E6009D9B7E;
					};
					C3A14DEC299046E7009D9B7E = {
						CreatedOnToolsVersion = 14.2;
						TestTargetID = C3A14DD2299046E6009D9B7E;
					};
				};
			};
			buildConfigurationList = C3A14DCE299046E6009D9B7E /* Build configuration list for PBXProject "Swifty" */;
			compatibilityVersion = "Xcode 14.0";
			developmentRegion = en;
			hasScannedForEncodings = 0;
			knownRegions = (
				en,
				Base,
			);
			mainGroup = C3A14DCA299046E6009D9B7E;
			productRefGroup = C3A14DD4299046E6009D9B7E /* Products */;
			projectDirPath = "";
			projectRoot = "";
			targets = (
				C3A14DD2299046E6009D9B7E /* Swifty */,
				C3A14DE2299046E7009D9B7E /* SwiftyTests */,
				C3A14DEC299046E7009D9B7E /* SwiftyUITests */,
			);
		};
/* End PBXProject section */

/* Begin PBXResourcesBuildPhase section */
		C3A14DD1299046E6009D9B7E /* Resources */ = {
			isa = PBXResourcesBuildPhase;
			buildActionMask = 2147483647;
			files = (
				C3A14DDE299046E7009D9B7E /* Preview Assets.xcassets in Resources */,
				C3A14DDB299046E7009D9B7E /* Assets.xcassets in Resources */,
			);
			runOnlyForDeploymentPostprocessing = 0;
		};
		C3A14DE1299046E7009D9B7E /* Resources */ = {
			isa = PBXResourcesBuildPhase;
			buildActionMask = 2147483647;
			files = (
			);
			runOnlyForDeploymentPostprocessing = 0;
		};
		C3A14DEB299046E7009D9B7E /* Resources */ = {
			isa = PBXResourcesBuildPhase;
			buildActionMask = 2147483647;
			files = (
			);
			runOnlyForDeploymentPostprocessing = 0;
		};
/* End PBXResourcesBuildPhase section */

/* Begin PBXSourcesBuildPhase section */
		C3A14DCF299046E6009D9B7E /* Sources */ = {
			isa = PBXSourcesBuildPhase;
			buildActionMask = 2147483647;
			files = (
				C3A14DD9299046E6009D9B7E /* ContentView.swift in Sources */,
				C3A14DD7299046E6009D9B7E /* SwiftyApp.swift in Sources */,
			);
			runOnlyForDeploymentPostprocessing = 0;
		};
		C3A14DDF299046E7009D9B7E /* Sources */ = {
			isa = PBXSourcesBuildPhase;
			buildActionMask = 2147483647;
			files = (
				C3A14DE8299046E7009D9B7E /* SwiftyTests.swift in Sources */,
			);
			runOnlyForDeploymentPostprocessing = 0;
		};
		C3A14DE9299046E7009D9B7E /* Sources */ = {
			isa = PBXSourcesBuildPhase;
			buildActionMask = 2147483647;
			files = (
				C3A14DF4299046E7009D9B7E /* SwiftyUITestsLaunchTests.swift in Sources */,
				C3A14DF2299046E7009D9B7E /* SwiftyUITests.swift in Sources */,
			);
			runOnlyForDeploymentPostprocessing = 0;
		};
/* End PBXSourcesBuildPhase section */

/* Begin PBXTargetDependency section */
		C3A14DE5299046E7009D9B7E /* PBXTargetDependency */ = {
			isa = PBXTargetDependency;
			target = C3A14DD2299046E6009D9B7E /* Swifty */;
			targetProxy = C3A14DE4299046E7009D9B7E /* PBXContainerItemProxy */;
		};
		C3A14DEF299046E7009D9B7E /* PBXTargetDependency */ = {
			isa = PBXTargetDependency;
			target = C3A14DD2299046E6009D9B7E /* Swifty */;
			targetProxy = C3A14DEE299046E7009D9B7E /* PBXContainerItemProxy */;
		};
/* End PBXTargetDependency section */

/* Begin XCBuildConfiguration section */
		C3A14DF5299046E7009D9B7E /* Debug */ = {
			isa = XCBuildConfiguration;
			buildSettings = {
				ALWAYS_SEARCH_USER_PATHS = NO;
				CLANG_ANALYZER_NONNULL = YES;
				CLANG_ANALYZER_NUMBER_OBJECT_CONVERSION = YES_AGGRESSIVE;
				CLANG_CXX_LANGUAGE_STANDARD = "gnu++20";
				CLANG_ENABLE_MODULES = YES;
				CLANG_ENABLE_OBJC_ARC = YES;
				CLANG_ENABLE_OBJC_WEAK = YES;
				CLANG_WARN_BLOCK_CAPTURE_AUTORELEASING = YES;
				CLANG_WARN_BOOL_CONVERSION = YES;
				CLANG_WARN_COMMA = YES;
				CLANG_WARN_CONSTANT_CONVERSION = YES;
				CLANG_WARN_DEPRECATED_OBJC_IMPLEMENTATIONS = YES;
				CLANG_WARN_DIRECT_OBJC_ISA_USAGE = YES_ERROR;
				CLANG_WARN_DOCUMENTATION_COMMENTS = YES;
				CLANG_WARN_EMPTY_BODY = YES;
				CLANG_WARN_ENUM_CONVERSION = YES;
				CLANG_WARN_INFINITE_RECURSION = YES;
				CLANG_WARN_INT_CONVERSION = YES;
				CLANG_WARN_NON_LITERAL_NULL_CONVERSION = YES;
				CLANG_WARN_OBJC_IMPLICIT_RETAIN_SELF = YES;
				CLANG_WARN_OBJC_LITERAL_CONVERSION = YES;
				CLANG_WARN_OBJC_ROOT_CLASS = YES_ERROR;
				CLANG_WARN_QUOTED_INCLUDE_IN_FRAMEWORK_HEADER = YES;
				CLANG_WARN_RANGE_LOOP_ANALYSIS = YES;
				CLANG_WARN_STRICT_PROTOTYPES = YES;
				CLANG_WARN_SUSPICIOUS_MOVE = YES;
				CLANG_WARN_UNGUARDED_AVAILABILITY = YES_AGGRESSIVE;
				CLANG_WARN_UNREACHABLE_CODE = YES;
				CLANG_WARN__DUPLICATE_METHOD_MATCH = YES;
				COPY_PHASE_STRIP = NO;
				DEBUG_INFORMATION_FORMAT = dwarf;
				ENABLE_STRICT_OBJC_MSGSEND = YES;
				ENABLE_TESTABILITY = YES;
				GCC_C_LANGUAGE_STANDARD = gnu11;
				GCC_DYNAMIC_NO_PIC = NO;
				GCC_NO_COMMON_BLOCKS = YES;
				GCC_OPTIMIZATION_LEVEL = 0;
				GCC_PREPROCESSOR_DEFINITIONS = (
					"DEBUG=1",
					"$(inherited)",
				);
				GCC_WARN_64_TO_32_BIT_CONVERSION = YES;
				GCC_WARN_ABOUT_RETURN_TYPE = YES_ERROR;
				GCC_WARN_UNDECLARED_SELECTOR = YES;
				GCC_WARN_UNINITIALIZED_AUTOS = YES_AGGRESSIVE;
				GCC_WARN_UNUSED_FUNCTION = YES;
				GCC_WARN_UNUSED_VARIABLE = YES;
				IPHONEOS_DEPLOYMENT_TARGET = 16.2;
				MTL_ENABLE_DEBUG_INFO = INCLUDE_SOURCE;
				MTL_FAST_MATH = YES;
				ONLY_ACTIVE_ARCH = YES;
				SDKROOT = iphoneos;
				SWIFT_ACTIVE_COMPILATION_CONDITIONS = DEBUG;
				SWIFT_OPTIMIZATION_LEVEL = "-Onone";
			};
			name = Debug;
		};
		C3A14DF6299046E7009D9B7E /* Release */ = {
			isa = XCBuildConfiguration;
			buildSettings = {
				ALWAYS_SEARCH_USER_PATHS = NO;
				CLANG_ANALYZER_NONNULL = YES;
				CLANG_ANALYZER_NUMBER_OBJECT_CONVERSION = YES_AGGRESSIVE;
				CLANG_CXX_LANGUAGE_STANDARD = "gnu++20";
				CLANG_ENABLE_MODULES = YES;
				CLANG_ENABLE_OBJC_ARC = YES;
				CLANG_ENABLE_OBJC_WEAK = YES;
				CLANG_WARN_BLOCK_CAPTURE_AUTORELEASING = YES;
				CLANG_WARN_BOOL_CONVERSION = YES;
				CLANG_WARN_COMMA = YES;
				CLANG_WARN_CONSTANT_CONVERSION = YES;
				CLANG_WARN_DEPRECATED_OBJC_IMPLEMENTATIONS = YES;
				CLANG_WARN_DIRECT_OBJC_ISA_USAGE = YES_ERROR;
				CLANG_WARN_DOCUMENTATION_COMMENTS = YES;
				CLANG_WARN_EMPTY_BODY = YES;
				CLANG_WARN_ENUM_CONVERSION = YES;
				CLANG_WARN_INFINITE_RECURSION = YES;
				CLANG_WARN_INT_CONVERSION = YES;
				CLANG_WARN_NON_LITERAL_NULL_CONVERSION = YES;
				CLANG_WARN_OBJC_IMPLICIT_RETAIN_SELF = YES;
				CLANG_WARN_OBJC_LITERAL_CONVERSION = YES;
				CLANG_WARN_OBJC_ROOT_CLASS = YES_ERROR;
				CLANG_WARN_QUOTED_INCLUDE_IN_FRAMEWORK_HEADER = YES;
				CLANG_WARN_RANGE_LOOP_ANALYSIS = YES;
				CLANG_WARN_STRICT_PROTOTYPES = YES;
				CLANG_WARN_SUSPICIOUS_MOVE = YES;
				CLANG_WARN_UNGUARDED_AVAILABILITY = YES_AGGRESSIVE;
				CLANG_WARN_UNREACHABLE_CODE = YES;
				CLANG_WARN__DUPLICATE_METHOD_MATCH = YES;
				COPY_PHASE_STRIP = NO;
				DEBUG_INFORMATION_FORMAT = "dwarf-with-dsym";
				ENABLE_NS_ASSERTIONS = NO;
				ENABLE_STRICT_OBJC_MSGSEND = YES;
				GCC_C_LANGUAGE_STANDARD = gnu11;
				GCC_NO_COMMON_BLOCKS = YES;
				GCC_WARN_64_TO_32_BIT_CONVERSION = YES;
				GCC_WARN_ABOUT_RETURN_TYPE = YES_ERROR;
				GCC_WARN_UNDECLARED_SELECTOR = YES;
				GCC_WARN_UNINITIALIZED_AUTOS = YES_AGGRESSIVE;
				GCC_WARN_UNUSED_FUNCTION = YES;
				GCC_WARN_UNUSED_VARIABLE = YES;
				IPHONEOS_DEPLOYMENT_TARGET = 16.2;
				MTL_ENABLE_DEBUG_INFO = NO;
				MTL_FAST_MATH = YES;
				SDKROOT = iphoneos;
				SWIFT_COMPILATION_MODE = wholemodule;
				SWIFT_OPTIMIZATION_LEVEL = "-O";
				VALIDATE_PRODUCT = YES;
			};
			name = Release;
		};
		C3A14DF8299046E7009D9B7E /* Debug */ = {
			isa = XCBuildConfiguration;
			buildSettings = {
				ASSETCATALOG_COMPILER_APPICON_NAME = AppIcon;
				ASSETCATALOG_COMPILER_GLOBAL_ACCENT_COLOR_NAME = AccentColor;
				CODE_SIGN_STYLE = Automatic;
				CURRENT_PROJECT_VERSION = 1;
				DEVELOPMENT_ASSET_PATHS = "\"Swifty/Preview Content\"";
				DEVELOPMENT_TEAM = B637BE2R39;
				ENABLE_PREVIEWS = YES;
				GENERATE_INFOPLIST_FILE = YES;
				INFOPLIST_KEY_UIApplicationSceneManifest_Generation = YES;
				INFOPLIST_KEY_UIApplicationSupportsIndirectInputEvents = YES;
				INFOPLIST_KEY_UILaunchScreen_Generation = YES;
				INFOPLIST_KEY_UISupportedInterfaceOrientations_iPad = "UIInterfaceOrientationPortrait UIInterfaceOrientationPortraitUpsideDown UIInterfaceOrientationLandscapeLeft UIInterfaceOrientationLandscapeRight";
				INFOPLIST_KEY_UISupportedInterfaceOrientations_iPhone = "UIInterfaceOrientationPortrait UIInterfaceOrientationLandscapeLeft UIInterfaceOrientationLandscapeRight";
				LD_RUNPATH_SEARCH_PATHS = (
					"$(inherited)",
					"@executable_path/Frameworks",
				);
				MARKETING_VERSION = 1.0;
				PRODUCT_BUNDLE_IDENTIFIER = com.woqomoqo.Swifty;
				PRODUCT_NAME = "$(TARGET_NAME)";
				SWIFT_EMIT_LOC_STRINGS = YES;
				SWIFT_VERSION = 5.0;
				TARGETED_DEVICE_FAMILY = "1,2";
			};
			name = Debug;
		};
		C3A14DF9299046E7009D9B7E /* Release */ = {
			isa = XCBuildConfiguration;
			buildSettings = {
				ASSETCATALOG_COMPILER_APPICON_NAME = AppIcon;
				ASSETCATALOG_COMPILER_GLOBAL_ACCENT_COLOR_NAME = AccentColor;
				CODE_SIGN_STYLE = Automatic;
				CURRENT_PROJECT_VERSION = 1;
				DEVELOPMENT_ASSET_PATHS = "\"Swifty/Preview Content\"";
				DEVELOPMENT_TEAM = B637BE2R39;
				ENABLE_PREVIEWS = YES;
				GENERATE_INFOPLIST_FILE = YES;
				INFOPLIST_KEY_UIApplicationSceneManifest_Generation = YES;
				INFOPLIST_KEY_UIApplicationSupportsIndirectInputEvents = YES;
				INFOPLIST_KEY_UILaunchScreen_Generation = YES;
				INFOPLIST_KEY_UISupportedInterfaceOrientations_iPad = "UIInterfaceOrientationPortrait UIInterfaceOrientationPortraitUpsideDown UIInterfaceOrientationLandscapeLeft UIInterfaceOrientationLandscapeRight";
				INFOPLIST_KEY_UISupportedInterfaceOrientations_iPhone = "UIInterfaceOrientationPortrait UIInterfaceOrientationLandscapeLeft UIInterfaceOrientationLandscapeRight";
				LD_RUNPATH_SEARCH_PATHS = (
					"$(inherited)",
					"@executable_path/Frameworks",
				);
				MARKETING_VERSION = 1.0;
				PRODUCT_BUNDLE_IDENTIFIER = com.woqomoqo.Swifty;
				PRODUCT_NAME = "$(TARGET_NAME)";
				SWIFT_EMIT_LOC_STRINGS = YES;
				SWIFT_VERSION = 5.0;
				TARGETED_DEVICE_FAMILY = "1,2";
			};
			name = Release;
		};
		C3A14DFB299046E7009D9B7E /* Debug */ = {
			isa = XCBuildConfiguration;
			buildSettings = {
				ALWAYS_EMBED_SWIFT_STANDARD_LIBRARIES = YES;
				BUNDLE_LOADER = "$(TEST_HOST)";
				CODE_SIGN_STYLE = Automatic;
				CURRENT_PROJECT_VERSION = 1;
				DEVELOPMENT_TEAM = B637BE2R39;
				GENERATE_INFOPLIST_FILE = YES;
				IPHONEOS_DEPLOYMENT_TARGET = 16.2;
				MARKETING_VERSION = 1.0;
				PRODUCT_BUNDLE_IDENTIFIER = com.woqomoqo.SwiftyTests;
				PRODUCT_NAME = "$(TARGET_NAME)";
				SWIFT_EMIT_LOC_STRINGS = NO;
				SWIFT_VERSION = 5.0;
				TARGETED_DEVICE_FAMILY = "1,2";
				TEST_HOST = "$(BUILT_PRODUCTS_DIR)/Swifty.app/$(BUNDLE_EXECUTABLE_FOLDER_PATH)/Swifty";
			};
			name = Debug;
		};
		C3A14DFC299046E7009D9B7E /* Release */ = {
			isa = XCBuildConfiguration;
			buildSettings = {
				ALWAYS_EMBED_SWIFT_STANDARD_LIBRARIES = YES;
				BUNDLE_LOADER = "$(TEST_HOST)";
				CODE_SIGN_STYLE = Automatic;
				CURRENT_PROJECT_VERSION = 1;
				DEVELOPMENT_TEAM = B637BE2R39;
				GENERATE_INFOPLIST_FILE = YES;
				IPHONEOS_DEPLOYMENT_TARGET = 16.2;
				MARKETING_VERSION = 1.0;
				PRODUCT_BUNDLE_IDENTIFIER = com.woqomoqo.SwiftyTests;
				PRODUCT_NAME = "$(TARGET_NAME)";
				SWIFT_EMIT_LOC_STRINGS = NO;
				SWIFT_VERSION = 5.0;
				TARGETED_DEVICE_FAMILY = "1,2";
				TEST_HOST = "$(BUILT_PRODUCTS_DIR)/Swifty.app/$(BUNDLE_EXECUTABLE_FOLDER_PATH)/Swifty";
			};
			name = Release;
		};
		C3A14DFE299046E7009D9B7E /* Debug */ = {
			isa = XCBuildConfiguration;
			buildSettings = {
				ALWAYS_EMBED_SWIFT_STANDARD_LIBRARIES = YES;
				CODE_SIGN_STYLE = Automatic;
				CURRENT_PROJECT_VERSION = 1;
				DEVELOPMENT_TEAM = B637BE2R39;
				GENERATE_INFOPLIST_FILE = YES;
				MARKETING_VERSION = 1.0;
				PRODUCT_BUNDLE_IDENTIFIER = com.woqomoqo.SwiftyUITests;
				PRODUCT_NAME = "$(TARGET_NAME)";
				SWIFT_EMIT_LOC_STRINGS = NO;
				SWIFT_VERSION = 5.0;
				TARGETED_DEVICE_FAMILY = "1,2";
				TEST_TARGET_NAME = Swifty;
			};
			name = Debug;
		};
		C3A14DFF299046E7009D9B7E /* Release */ = {
			isa = XCBuildConfiguration;
			buildSettings = {
				ALWAYS_EMBED_SWIFT_STANDARD_LIBRARIES = YES;
				CODE_SIGN_STYLE = Automatic;
				CURRENT_PROJECT_VERSION = 1;
				DEVELOPMENT_TEAM = B637BE2R39;
				GENERATE_INFOPLIST_FILE = YES;
				MARKETING_VERSION = 1.0;
				PRODUCT_BUNDLE_IDENTIFIER = com.woqomoqo.SwiftyUITests;
				PRODUCT_NAME = "$(TARGET_NAME)";
				SWIFT_EMIT_LOC_STRINGS = NO;
				SWIFT_VERSION = 5.0;
				TARGETED_DEVICE_FAMILY = "1,2";
				TEST_TARGET_NAME = Swifty;
			};
			name = Release;
		};
/* End XCBuildConfiguration section */

/* Begin XCConfigurationList section */
		C3A14DCE299046E6009D9B7E /* Build configuration list for PBXProject "Swifty" */ = {
			isa = XCConfigurationList;
			buildConfigurations = (
				C3A14DF5299046E7009D9B7E /* Debug */,
				C3A14DF6299046E7009D9B7E /* Release */,
			);
			defaultConfigurationIsVisible = 0;
			defaultConfigurationName = Release;
		};
		C3A14DF7299046E7009D9B7E /* Build configuration list for PBXNativeTarget "Swifty" */ = {
			isa = XCConfigurationList;
			buildConfigurations = (
				C3A14DF8299046E7009D9B7E /* Debug */,
				C3A14DF9299046E7009D9B7E /* Release */,
			);
			defaultConfigurationIsVisible = 0;
			defaultConfigurationName = Release;
		};
		C3A14DFA299046E7009D9B7E /* Build configuration list for PBXNativeTarget "SwiftyTests" */ = {
			isa = XCConfigurationList;
			buildConfigurations = (
				C3A14DFB299046E7009D9B7E /* Debug */,
				C3A14DFC299046E7009D9B7E /* Release */,
			);
			defaultConfigurationIsVisible = 0;
			defaultConfigurationName = Release;
		};
		C3A14DFD299046E7009D9B7E /* Build configuration list for PBXNativeTarget "SwiftyUITests" */ = {
			isa = XCConfigurationList;
			buildConfigurations = (
				C3A14DFE299046E7009D9B7E /* Debug */,
				C3A14DFF299046E7009D9B7E /* Release */,
			);
			defaultConfigurationIsVisible = 0;
			defaultConfigurationName = Release;
		};
/* End XCConfigurationList section */
	};
	rootObject = C3A14DCB299046E6009D9B7E /* Project object */;
}
